
Microsoft Visual Studio Solution File, Format Version 12.00
# Visual Studio Version 17
VisualStudioVersion = 17.6.33712.159
MinimumVisualStudioVersion = 10.0.40219.1
Project("{2150E333-8FDC-42A3-9474-1A3956D46DE8}") = "src", "src", "{F562C906-30D6-4B5D-AFB1-7B2F94317B12}"
EndProject
Project("{2150E333-8FDC-42A3-9474-1A3956D46DE8}") = "Core", "Core", "{1474F7AB-DB66-43E4-B3E5-3B8CB84CCC26}"
EndProject
Project("{2150E333-8FDC-42A3-9474-1A3956D46DE8}") = "InfraStructure", "InfraStructure", "{661B3ED1-99E0-4C69-904E-C3D1472F0CA8}"
EndProject
Project("{2150E333-8FDC-42A3-9474-1A3956D46DE8}") = "Library", "Library", "{30D9B6BD-6D37-4ECA-A300-7339ACE42A80}"
EndProject
Project("{2150E333-8FDC-42A3-9474-1A3956D46DE8}") = "Presentation", "Presentation", "{3649C4C0-7930-4C1A-BCCC-4144187FA46A}"
EndProject
Project("{FAE04EC0-301F-11D3-BF4B-00C04F79EFBC}") = "SEP.User.Registare.Domain", "src\Core\SEP.User.Registare.Domain\SEP.User.Registare.Domain.csproj", "{C651ED36-BD60-4686-B16E-8CD445147928}"
EndProject
Project("{FAE04EC0-301F-11D3-BF4B-00C04F79EFBC}") = "SEP.User.Registare.Service", "src\Core\SEP.User.Registare.Service\SEP.User.Registare.Service.csproj", "{0D0D1921-A011-40E9-8E77-274C3CDEF792}"
EndProject
Project("{FAE04EC0-301F-11D3-BF4B-00C04F79EFBC}") = "SEP.User.Registare.Persistance", "src\InfraStructure\SEP.User.Registare.Persistance\SEP.User.Registare.Persistance.csproj", "{F3D86BE1-62D3-4B9A-9FDA-A69BDB00EEA6}"
EndProject
Project("{FAE04EC0-301F-11D3-BF4B-00C04F79EFBC}") = "SEP.Domain", "src\Library\SEP.Domain\SEP.Domain.csproj", "{5BA03560-26C8-4CEB-970D-D7600A57462E}"
EndProject
Project("{FAE04EC0-301F-11D3-BF4B-00C04F79EFBC}") = "SEP.User.Registare.Resource", "src\Library\SEP.User.Registare.Resource\SEP.User.Registare.Resource.csproj", "{3FA9FBD3-B32B-4C73-94C0-213BA28C8241}"
EndProject
Project("{FAE04EC0-301F-11D3-BF4B-00C04F79EFBC}") = "SEP.User.Registare.Web", "src\Presentation\SEP.User.Registare.Web\SEP.User.Registare.Web.csproj", "{D9DC0CE9-5594-4F81-B267-68600A9D9269}"
EndProject
Global
	GlobalSection(SolutionConfigurationPlatforms) = preSolution
		Debug|Any CPU = Debug|Any CPU
		Release|Any CPU = Release|Any CPU
	EndGlobalSection
	GlobalSection(ProjectConfigurationPlatforms) = postSolution
		{C651ED36-BD60-4686-B16E-8CD445147928}.Debug|Any CPU.ActiveCfg = Debug|Any CPU
		{C651ED36-BD60-4686-B16E-8CD445147928}.Debug|Any CPU.Build.0 = Debug|Any CPU
		{C651ED36-BD60-4686-B16E-8CD445147928}.Release|Any CPU.ActiveCfg = Release|Any CPU
		{C651ED36-BD60-4686-B16E-8CD445147928}.Release|Any CPU.Build.0 = Release|Any CPU
		{0D0D1921-A011-40E9-8E77-274C3CDEF792}.Debug|Any CPU.ActiveCfg = Debug|Any CPU
		{0D0D1921-A011-40E9-8E77-274C3CDEF792}.Debug|Any CPU.Build.0 = Debug|Any CPU
		{0D0D1921-A011-40E9-8E77-274C3CDEF792}.Release|Any CPU.ActiveCfg = Release|Any CPU
		{0D0D1921-A011-40E9-8E77-274C3CDEF792}.Release|Any CPU.Build.0 = Release|Any CPU
		{F3D86BE1-62D3-4B9A-9FDA-A69BDB00EEA6}.Debug|Any CPU.ActiveCfg = Debug|Any CPU
		{F3D86BE1-62D3-4B9A-9FDA-A69BDB00EEA6}.Debug|Any CPU.Build.0 = Debug|Any CPU
		{F3D86BE1-62D3-4B9A-9FDA-A69BDB00EEA6}.Release|Any CPU.ActiveCfg = Release|Any CPU
		{F3D86BE1-62D3-4B9A-9FDA-A69BDB00EEA6}.Release|Any CPU.Build.0 = Release|Any CPU
		{5BA03560-26C8-4CEB-970D-D7600A57462E}.Debug|Any CPU.ActiveCfg = Debug|Any CPU
		{5BA03560-26C8-4CEB-970D-D7600A57462E}.Debug|Any CPU.Build.0 = Debug|Any CPU
		{5BA03560-26C8-4CEB-970D-D7600A57462E}.Release|Any CPU.ActiveCfg = Release|Any CPU
		{5BA03560-26C8-4CEB-970D-D7600A57462E}.Release|Any CPU.Build.0 = Release|Any CPU
		{3FA9FBD3-B32B-4C73-94C0-213BA28C8241}.Debug|Any CPU.ActiveCfg = Debug|Any CPU
		{3FA9FBD3-B32B-4C73-94C0-213BA28C8241}.Debug|Any CPU.Build.0 = Debug|Any CPU
		{3FA9FBD3-B32B-4C73-94C0-213BA28C8241}.Release|Any CPU.ActiveCfg = Release|Any CPU
		{3FA9FBD3-B32B-4C73-94C0-213BA28C8241}.Release|Any CPU.Build.0 = Release|Any CPU
		{D9DC0CE9-5594-4F81-B267-68600A9D9269}.Debug|Any CPU.ActiveCfg = Debug|Any CPU
		{D9DC0CE9-5594-4F81-B267-68600A9D9269}.Debug|Any CPU.Build.0 = Debug|Any CPU
		{D9DC0CE9-5594-4F81-B267-68600A9D9269}.Release|Any CPU.ActiveCfg = Release|Any CPU
		{D9DC0CE9-5594-4F81-B267-68600A9D9269}.Release|Any CPU.Build.0 = Release|Any CPU
	EndGlobalSection
	GlobalSection(SolutionProperties) = preSolution
		HideSolutionNode = FALSE
	EndGlobalSection
	GlobalSection(NestedProjects) = preSolution
		{1474F7AB-DB66-43E4-B3E5-3B8CB84CCC26} = {F562C906-30D6-4B5D-AFB1-7B2F94317B12}
		{661B3ED1-99E0-4C69-904E-C3D1472F0CA8} = {F562C906-30D6-4B5D-AFB1-7B2F94317B12}
		{30D9B6BD-6D37-4ECA-A300-7339ACE42A80} = {F562C906-30D6-4B5D-AFB1-7B2F94317B12}
		{3649C4C0-7930-4C1A-BCCC-4144187FA46A} = {F562C906-30D6-4B5D-AFB1-7B2F94317B12}
		{C651ED36-BD60-4686-B16E-8CD445147928} = {1474F7AB-DB66-43E4-B3E5-3B8CB84CCC26}
		{0D0D1921-A011-40E9-8E77-274C3CDEF792} = {1474F7AB-DB66-43E4-B3E5-3B8CB84CCC26}
		{F3D86BE1-62D3-4B9A-9FDA-A69BDB00EEA6} = {661B3ED1-99E0-4C69-904E-C3D1472F0CA8}
		{5BA03560-26C8-4CEB-970D-D7600A57462E} = {30D9B6BD-6D37-4ECA-A300-7339ACE42A80}
		{3FA9FBD3-B32B-4C73-94C0-213BA28C8241} = {30D9B6BD-6D37-4ECA-A300-7339ACE42A80}
		{D9DC0CE9-5594-4F81-B267-68600A9D9269} = {3649C4C0-7930-4C1A-BCCC-4144187FA46A}
	EndGlobalSection
	GlobalSection(ExtensibilityGlobals) = postSolution
		SolutionGuid = {D9C2D3F4-F341-4CDD-9037-092608E8B6AA}
	EndGlobalSection
EndGlobal
